{
  "name": "test",
  "version": "0.1.0",
  "lockfileVersion": 2,
  "requires": true,
  "packages": {
    "": {
      "dependencies": {
        "pareto-core-lib": "^0.9.0"
      }
    },
    "node_modules/pareto-core-internals": {
      "version": "0.3.0",
      "resolved": "https://registry.npmjs.org/pareto-core-internals/-/pareto-core-internals-0.3.0.tgz",
      "integrity": "sha512-kk4lvi14WxGZcd0e1mN5nhp/oBAL6kXygdShhP1P1upzmFgr7ZeAF4ryJhAUcVW1POYKMp7KKD8zweLGlRWX6Q==",
      "dependencies": {
        "pareto-core-types": "^0.3.0"
      }
    },
    "node_modules/pareto-core-lib": {
      "version": "0.9.0",
      "resolved": "https://registry.npmjs.org/pareto-core-lib/-/pareto-core-lib-0.9.0.tgz",
      "integrity": "sha512-K17uSJA8A50AwRMPNIZCDMzgWU0BIQHtDx0zUOS+ySBYvDXg0z3kUPCXGVDit3TNVDldhsI/JiJo9W2FSeu9VA==",
      "dependencies": {
        "pareto-core-internals": "^0.3.0"
      }
    },
    "node_modules/pareto-core-types": {
      "version": "0.3.0",
      "resolved": "https://registry.npmjs.org/pareto-core-types/-/pareto-core-types-0.3.0.tgz",
      "integrity": "sha512-CPXfoMu4sOxeX5qGkHj2e2G+FJgTjbpGODYPtM5TsY07IU4K6kPLfsYb2+PxRlWwsQFEzkm/lOdYCaC3o8H2/A=="
    }
  },
  "dependencies": {
    "pareto-core-internals": {
      "version": "0.3.0",
      "resolved": "https://registry.npmjs.org/pareto-core-internals/-/pareto-core-internals-0.3.0.tgz",
      "integrity": "sha512-kk4lvi14WxGZcd0e1mN5nhp/oBAL6kXygdShhP1P1upzmFgr7ZeAF4ryJhAUcVW1POYKMp7KKD8zweLGlRWX6Q==",
      "requires": {
        "pareto-core-types": "^0.3.0"
      }
    },
    "pareto-core-lib": {
      "version": "0.9.0",
      "resolved": "https://registry.npmjs.org/pareto-core-lib/-/pareto-core-lib-0.9.0.tgz",
      "integrity": "sha512-K17uSJA8A50AwRMPNIZCDMzgWU0BIQHtDx0zUOS+ySBYvDXg0z3kUPCXGVDit3TNVDldhsI/JiJo9W2FSeu9VA==",
      "requires": {
        "pareto-core-internals": "^0.3.0"
      }
    },
    "pareto-core-types": {
      "version": "0.3.0",
      "resolved": "https://registry.npmjs.org/pareto-core-types/-/pareto-core-types-0.3.0.tgz",
      "integrity": "sha512-CPXfoMu4sOxeX5qGkHj2e2G+FJgTjbpGODYPtM5TsY07IU4K6kPLfsYb2+PxRlWwsQFEzkm/lOdYCaC3o8H2/A=="
    }
  }
}
