{
  "name": "pareto-core-internals",
  "version": "0.16.0",
  "lockfileVersion": 2,
  "requires": true,
  "packages": {
    "": {
      "name": "pareto-core-internals",
      "version": "0.16.0",
      "license": "ISC",
      "dependencies": {
        "pareto-core-types": "^0.15.0"
      },
      "devDependencies": {
        "@types/node": "^18.15.3",
        "npm-updatedependencies2latest": "^0.0.17"
      }
    },
    "node_modules/@types/node": {
      "version": "18.15.3",
      "resolved": "https://registry.npmjs.org/@types/node/-/node-18.15.3.tgz",
      "integrity": "sha512-p6ua9zBxz5otCmbpb5D3U4B5Nanw6Pk3PPyX05xnxbB/fRv71N7CPmORg7uAD5P70T0xmx1pzAx/FUfa5X+3cw==",
      "dev": true
    },
    "node_modules/npm-updatedependencies2latest": {
      "version": "0.0.17",
      "resolved": "https://registry.npmjs.org/npm-updatedependencies2latest/-/npm-updatedependencies2latest-0.0.17.tgz",
      "integrity": "sha512-JVjx0A9FYb+9740uKShLjqBSuPlKMA3km38Q5d35hh0jAeD62y4En3etCfqUhUSoOuAvp+PEhcTn1RxgHrORIQ==",
      "dev": true,
      "license": "ISC",
      "bin": {
        "update2latest": "dist/index.js"
      }
    },
    "node_modules/pareto-core-types": {
      "version": "0.15.2",
      "resolved": "https://registry.npmjs.org/pareto-core-types/-/pareto-core-types-0.15.2.tgz",
      "integrity": "sha512-rnbXOn8EBnENWb0iH8Lebr7k7tL6te2u2TXXb0dZrkMGX+7EFdy8xgAqBAn8LtTq/s1+w2BCYRoPoWUJ0Z569w==",
      "license": "ISC"
    }
  },
  "dependencies": {
    "@types/node": {
      "version": "18.15.3",
      "resolved": "https://registry.npmjs.org/@types/node/-/node-18.15.3.tgz",
      "integrity": "sha512-p6ua9zBxz5otCmbpb5D3U4B5Nanw6Pk3PPyX05xnxbB/fRv71N7CPmORg7uAD5P70T0xmx1pzAx/FUfa5X+3cw==",
      "dev": true
    },
    "npm-updatedependencies2latest": {
      "version": "0.0.17",
      "resolved": "https://registry.npmjs.org/npm-updatedependencies2latest/-/npm-updatedependencies2latest-0.0.17.tgz",
      "integrity": "sha512-JVjx0A9FYb+9740uKShLjqBSuPlKMA3km38Q5d35hh0jAeD62y4En3etCfqUhUSoOuAvp+PEhcTn1RxgHrORIQ==",
      "dev": true
    },
    "pareto-core-types": {
      "version": "0.15.2",
      "resolved": "https://registry.npmjs.org/pareto-core-types/-/pareto-core-types-0.15.2.tgz",
      "integrity": "sha512-rnbXOn8EBnENWb0iH8Lebr7k7tL6te2u2TXXb0dZrkMGX+7EFdy8xgAqBAn8LtTq/s1+w2BCYRoPoWUJ0Z569w=="
    }
  }
}
