{
  "name": "pareto-core-internals",
  "version": "0.10.0",
  "lockfileVersion": 2,
  "requires": true,
  "packages": {
    "": {
      "name": "pareto-core-internals",
      "version": "0.10.0",
      "license": "ISC",
      "dependencies": {
        "pareto-core-types": "^0.9.0"
      }
    },
    "node_modules/pareto-core-types": {
      "version": "0.9.0",
      "resolved": "https://registry.npmjs.org/pareto-core-types/-/pareto-core-types-0.9.0.tgz",
      "integrity": "sha512-w4pMI7H6Zv+oaogD8X7AzVGcHVJ1Lep37EWT2AE5qY1NXr3RAvHQjpDojHsc8e36pN4ZxhlcIh0fnYruhiWwNg=="
    }
  },
  "dependencies": {
    "pareto-core-types": {
      "version": "0.9.0",
      "resolved": "https://registry.npmjs.org/pareto-core-types/-/pareto-core-types-0.9.0.tgz",
      "integrity": "sha512-w4pMI7H6Zv+oaogD8X7AzVGcHVJ1Lep37EWT2AE5qY1NXr3RAvHQjpDojHsc8e36pN4ZxhlcIh0fnYruhiWwNg=="
    }
  }
}
