{
  "name": "pareto-core-internals",
  "version": "0.9.0",
  "lockfileVersion": 2,
  "requires": true,
  "packages": {
    "": {
      "name": "pareto-core-internals",
      "version": "0.9.0",
      "license": "ISC",
      "dependencies": {
        "pareto-core-types": "^0.7.0"
      }
    },
    "node_modules/pareto-core-types": {
      "version": "0.7.0",
      "resolved": "https://registry.npmjs.org/pareto-core-types/-/pareto-core-types-0.7.0.tgz",
      "integrity": "sha512-Nz3hlDGyI8LrXjA50hiqslujRuS2WMYJuQeXyUgwWiw5k3xOY7vjof/9bzg4Ez7+Y5qWFgJJoi1o6Hu/ZDTF6A=="
    }
  },
  "dependencies": {
    "pareto-core-types": {
      "version": "0.7.0",
      "resolved": "https://registry.npmjs.org/pareto-core-types/-/pareto-core-types-0.7.0.tgz",
      "integrity": "sha512-Nz3hlDGyI8LrXjA50hiqslujRuS2WMYJuQeXyUgwWiw5k3xOY7vjof/9bzg4Ez7+Y5qWFgJJoi1o6Hu/ZDTF6A=="
    }
  }
}
